// !$*UTF8*$!
{
	archiveVersion = 1;
	classes = {
	};
	objectVersion = 55;
	objects = {

/* Begin PBXBuildFile section */
		BD7040E928A56DB7000C7BC9 /* AppDelegate.swift in Sources */ = {isa = PBXBuildFile; fileRef = BD7040E828A56DB7000C7BC9 /* AppDelegate.swift */; };
		BD7040EB28A56DB7000C7BC9 /* SceneDelegate.swift in Sources */ = {isa = PBXBuildFile; fileRef = BD7040EA28A56DB7000C7BC9 /* SceneDelegate.swift */; };
		BD7040ED28A56DB7000C7BC9 /* ViewController.swift in Sources */ = {isa = PBXBuildFile; fileRef = BD7040EC28A56DB7000C7BC9 /* ViewController.swift */; };
		BD7040F028A56DB7000C7BC9 /* Main.storyboard in Resources */ = {isa = PBXBuildFile; fileRef = BD7040EE28A56DB7000C7BC9 /* Main.storyboard */; };
		BD7040F328A56DB7000C7BC9 /* miniproject2.xcdatamodeld in Sources */ = {isa = PBXBuildFile; fileRef = BD7040F128A56DB7000C7BC9 /* miniproject2.xcdatamodeld */; };
		BD7040F528A56DB8000C7BC9 /* Assets.xcassets in Resources */ = {isa = PBXBuildFile; fileRef = BD7040F428A56DB8000C7BC9 /* Assets.xcassets */; };
		BD7040F828A56DB8000C7BC9 /* LaunchScreen.storyboard in Resources */ = {isa = PBXBuildFile; fileRef = BD7040F628A56DB8000C7BC9 /* LaunchScreen.storyboard */; };
		BD70410328A56DB8000C7BC9 /* miniproject2Tests.swift in Sources */ = {isa = PBXBuildFile; fileRef = BD70410228A56DB8000C7BC9 /* miniproject2Tests.swift */; };
		BD70410D28A56DB8000C7BC9 /* miniproject2UITests.swift in Sources */ = {isa = PBXBuildFile; fileRef = BD70410C28A56DB8000C7BC9 /* miniproject2UITests.swift */; };
		BD70410F28A56DB8000C7BC9 /* miniproject2UITestsLaunchTests.swift in Sources */ = {isa = PBXBuildFile; fileRef = BD70410E28A56DB8000C7BC9 /* miniproject2UITestsLaunchTests.swift */; };
		BD70411C28A570C0000C7BC9 /* ViewController2.swift in Sources */ = {isa = PBXBuildFile; fileRef = BD70411B28A570C0000C7BC9 /* ViewController2.swift */; };
		BD70411E28A571F8000C7BC9 /* ViewController3.swift in Sources */ = {isa = PBXBuildFile; fileRef = BD70411D28A571F8000C7BC9 /* ViewController3.swift */; };
		BD70412028A57233000C7BC9 /* ViewController4.swift in Sources */ = {isa = PBXBuildFile; fileRef = BD70411F28A57233000C7BC9 /* ViewController4.swift */; };
		BD70412228A573CB000C7BC9 /* ViewController5.swift in Sources */ = {isa = PBXBuildFile; fileRef = BD70412128A573CB000C7BC9 /* ViewController5.swift */; };
		BD70412428A57451000C7BC9 /* ViewController6.swift in Sources */ = {isa = PBXBuildFile; fileRef = BD70412328A57451000C7BC9 /* ViewController6.swift */; };
		BD70412628A578EE000C7BC9 /* ViewController7.swift in Sources */ = {isa = PBXBuildFile; fileRef = BD70412528A578EE000C7BC9 /* ViewController7.swift */; };
		BD70412828A578FE000C7BC9 /* ViewController8.swift in Sources */ = {isa = PBXBuildFile; fileRef = BD70412728A578FE000C7BC9 /* ViewController8.swift */; };
		BD70412A28A57922000C7BC9 /* ViewController9.swift in Sources */ = {isa = PBXBuildFile; fileRef = BD70412928A57922000C7BC9 /* ViewController9.swift */; };
/* End PBXBuildFile section */

/* Begin PBXContainerItemProxy section */
		BD7040FF28A56DB8000C7BC9 /* PBXContainerItemProxy */ = {
			isa = PBXContainerItemProxy;
			containerPortal = BD7040DD28A56DB7000C7BC9 /* Project object */;
			proxyType = 1;
			remoteGlobalIDString = BD7040E428A56DB7000C7BC9;
			remoteInfo = miniproject2;
		};
		BD70410928A56DB8000C7BC9 /* PBXContainerItemProxy */ = {
			isa = PBXContainerItemProxy;
			containerPortal = BD7040DD28A56DB7000C7BC9 /* Project object */;
			proxyType = 1;
			remoteGlobalIDString = BD7040E428A56DB7000C7BC9;
			remoteInfo = miniproject2;
		};
/* End PBXContainerItemProxy section */

/* Begin PBXFileReference section */
		BD7040E528A56DB7000C7BC9 /* miniproject2.app */ = {isa = PBXFileReference; explicitFileType = wrapper.application; includeInIndex = 0; path = miniproject2.app; sourceTree = BUILT_PRODUCTS_DIR; };
		BD7040E828A56DB7000C7BC9 /* AppDelegate.swift */ = {isa = PBXFileReference; lastKnownFileType = sourcecode.swift; path = AppDelegate.swift; sourceTree = "<group>"; };
		BD7040EA28A56DB7000C7BC9 /* SceneDelegate.swift */ = {isa = PBXFileReference; lastKnownFileType = sourcecode.swift; path = SceneDelegate.swift; sourceTree = "<group>"; };
		BD7040EC28A56DB7000C7BC9 /* ViewController.swift */ = {isa = PBXFileReference; lastKnownFileType = sourcecode.swift; path = ViewController.swift; sourceTree = "<group>"; };
		BD7040EF28A56DB7000C7BC9 /* Base */ = {isa = PBXFileReference; lastKnownFileType = file.storyboard; name = Base; path = Base.lproj/Main.storyboard; sourceTree = "<group>"; };
		BD7040F228A56DB7000C7BC9 /* miniproject2.xcdatamodel */ = {isa = PBXFileReference; lastKnownFileType = wrapper.xcdatamodel; path = miniproject2.xcdatamodel; sourceTree = "<group>"; };
		BD7040F428A56DB8000C7BC9 /* Assets.xcassets */ = {isa = PBXFileReference; lastKnownFileType = folder.assetcatalog; path = Assets.xcassets; sourceTree = "<group>"; };
		BD7040F728A56DB8000C7BC9 /* Base */ = {isa = PBXFileReference; lastKnownFileType = file.storyboard; name = Base; path = Base.lproj/LaunchScreen.storyboard; sourceTree = "<group>"; };
		BD7040F928A56DB8000C7BC9 /* Info.plist */ = {isa = PBXFileReference; lastKnownFileType = text.plist.xml; path = Info.plist; sourceTree = "<group>"; };
		BD7040FE28A56DB8000C7BC9 /* miniproject2Tests.xctest */ = {isa = PBXFileReference; explicitFileType = wrapper.cfbundle; includeInIndex = 0; path = miniproject2Tests.xctest; sourceTree = BUILT_PRODUCTS_DIR; };
		BD70410228A56DB8000C7BC9 /* miniproject2Tests.swift */ = {isa = PBXFileReference; lastKnownFileType = sourcecode.swift; path = miniproject2Tests.swift; sourceTree = "<group>"; };
		BD70410828A56DB8000C7BC9 /* miniproject2UITests.xctest */ = {isa = PBXFileReference; explicitFileType = wrapper.cfbundle; includeInIndex = 0; path = miniproject2UITests.xctest; sourceTree = BUILT_PRODUCTS_DIR; };
		BD70410C28A56DB8000C7BC9 /* miniproject2UITests.swift */ = {isa = PBXFileReference; lastKnownFileType = sourcecode.swift; path = miniproject2UITests.swift; sourceTree = "<group>"; };
		BD70410E28A56DB8000C7BC9 /* miniproject2UITestsLaunchTests.swift */ = {isa = PBXFileReference; lastKnownFileType = sourcecode.swift; path = miniproject2UITestsLaunchTests.swift; sourceTree = "<group>"; };
		BD70411B28A570C0000C7BC9 /* ViewController2.swift */ = {isa = PBXFileReference; lastKnownFileType = sourcecode.swift; path = ViewController2.swift; sourceTree = "<group>"; };
		BD70411D28A571F8000C7BC9 /* ViewController3.swift */ = {isa = PBXFileReference; lastKnownFileType = sourcecode.swift; path = ViewController3.swift; sourceTree = "<group>"; };
		BD70411F28A57233000C7BC9 /* ViewController4.swift */ = {isa = PBXFileReference; lastKnownFileType = sourcecode.swift; path = ViewController4.swift; sourceTree = "<group>"; };
		BD70412128A573CB000C7BC9 /* ViewController5.swift */ = {isa = PBXFileReference; lastKnownFileType = sourcecode.swift; path = ViewController5.swift; sourceTree = "<group>"; };
		BD70412328A57451000C7BC9 /* ViewController6.swift */ = {isa = PBXFileReference; lastKnownFileType = sourcecode.swift; path = ViewController6.swift; sourceTree = "<group>"; };
		BD70412528A578EE000C7BC9 /* ViewController7.swift */ = {isa = PBXFileReference; lastKnownFileType = sourcecode.swift; path = ViewController7.swift; sourceTree = "<group>"; };
		BD70412728A578FE000C7BC9 /* ViewController8.swift */ = {isa = PBXFileReference; lastKnownFileType = sourcecode.swift; path = ViewController8.swift; sourceTree = "<group>"; };
		BD70412928A57922000C7BC9 /* ViewController9.swift */ = {isa = PBXFileReference; lastKnownFileType = sourcecode.swift; path = ViewController9.swift; sourceTree = "<group>"; };
/* End PBXFileReference section */

/* Begin PBXFrameworksBuildPhase section */
		BD7040E228A56DB7000C7BC9 /* Frameworks */ = {
			isa = PBXFrameworksBuildPhase;
			buildActionMask = 2147483647;
			files = (
			);
			runOnlyForDeploymentPostprocessing = 0;
		};
		BD7040FB28A56DB8000C7BC9 /* Frameworks */ = {
			isa = PBXFrameworksBuildPhase;
			buildActionMask = 2147483647;
			files = (
			);
			runOnlyForDeploymentPostprocessing = 0;
		};
		BD70410528A56DB8000C7BC9 /* Frameworks */ = {
			isa = PBXFrameworksBuildPhase;
			buildActionMask = 2147483647;
			files = (
			);
			runOnlyForDeploymentPostprocessing = 0;
		};
/* End PBXFrameworksBuildPhase section */

/* Begin PBXGroup section */
		BD7040DC28A56DB7000C7BC9 = {
			isa = PBXGroup;
			children = (
				BD7040E728A56DB7000C7BC9 /* miniproject2 */,
				BD70410128A56DB8000C7BC9 /* miniproject2Tests */,
				BD70410B28A56DB8000C7BC9 /* miniproject2UITests */,
				BD7040E628A56DB7000C7BC9 /* Products */,
			);
			sourceTree = "<group>";
		};
		BD7040E628A56DB7000C7BC9 /* Products */ = {
			isa = PBXGroup;
			children = (
				BD7040E528A56DB7000C7BC9 /* miniproject2.app */,
				BD7040FE28A56DB8000C7BC9 /* miniproject2Tests.xctest */,
				BD70410828A56DB8000C7BC9 /* miniproject2UITests.xctest */,
			);
			name = Products;
			sourceTree = "<group>";
		};
		BD7040E728A56DB7000C7BC9 /* miniproject2 */ = {
			isa = PBXGroup;
			children = (
				BD7040E828A56DB7000C7BC9 /* AppDelegate.swift */,
				BD7040EA28A56DB7000C7BC9 /* SceneDelegate.swift */,
				BD7040EC28A56DB7000C7BC9 /* ViewController.swift */,
				BD7040EE28A56DB7000C7BC9 /* Main.storyboard */,
				BD7040F428A56DB8000C7BC9 /* Assets.xcassets */,
				BD7040F628A56DB8000C7BC9 /* LaunchScreen.storyboard */,
				BD7040F928A56DB8000C7BC9 /* Info.plist */,
				BD7040F128A56DB7000C7BC9 /* miniproject2.xcdatamodeld */,
				BD70411B28A570C0000C7BC9 /* ViewController2.swift */,
				BD70411D28A571F8000C7BC9 /* ViewController3.swift */,
				BD70411F28A57233000C7BC9 /* ViewController4.swift */,
				BD70412128A573CB000C7BC9 /* ViewController5.swift */,
				BD70412328A57451000C7BC9 /* ViewController6.swift */,
				BD70412528A578EE000C7BC9 /* ViewController7.swift */,
				BD70412728A578FE000C7BC9 /* ViewController8.swift */,
				BD70412928A57922000C7BC9 /* ViewController9.swift */,
			);
			path = miniproject2;
			sourceTree = "<group>";
		};
		BD70410128A56DB8000C7BC9 /* miniproject2Tests */ = {
			isa = PBXGroup;
			children = (
				BD70410228A56DB8000C7BC9 /* miniproject2Tests.swift */,
			);
			path = miniproject2Tests;
			sourceTree = "<group>";
		};
		BD70410B28A56DB8000C7BC9 /* miniproject2UITests */ = {
			isa = PBXGroup;
			children = (
				BD70410C28A56DB8000C7BC9 /* miniproject2UITests.swift */,
				BD70410E28A56DB8000C7BC9 /* miniproject2UITestsLaunchTests.swift */,
			);
			path = miniproject2UITests;
			sourceTree = "<group>";
		};
/* End PBXGroup section */

/* Begin PBXNativeTarget section */
		BD7040E428A56DB7000C7BC9 /* miniproject2 */ = {
			isa = PBXNativeTarget;
			buildConfigurationList = BD70411228A56DB8000C7BC9 /* Build configuration list for PBXNativeTarget "miniproject2" */;
			buildPhases = (
				BD7040E128A56DB7000C7BC9 /* Sources */,
				BD7040E228A56DB7000C7BC9 /* Frameworks */,
				BD7040E328A56DB7000C7BC9 /* Resources */,
			);
			buildRules = (
			);
			dependencies = (
			);
			name = miniproject2;
			productName = miniproject2;
			productReference = BD7040E528A56DB7000C7BC9 /* miniproject2.app */;
			productType = "com.apple.product-type.application";
		};
		BD7040FD28A56DB8000C7BC9 /* miniproject2Tests */ = {
			isa = PBXNativeTarget;
			buildConfigurationList = BD70411528A56DB8000C7BC9 /* Build configuration list for PBXNativeTarget "miniproject2Tests" */;
			buildPhases = (
				BD7040FA28A56DB8000C7BC9 /* Sources */,
				BD7040FB28A56DB8000C7BC9 /* Frameworks */,
				BD7040FC28A56DB8000C7BC9 /* Resources */,
			);
			buildRules = (
			);
			dependencies = (
				BD70410028A56DB8000C7BC9 /* PBXTargetDependency */,
			);
			name = miniproject2Tests;
			productName = miniproject2Tests;
			productReference = BD7040FE28A56DB8000C7BC9 /* miniproject2Tests.xctest */;
			productType = "com.apple.product-type.bundle.unit-test";
		};
		BD70410728A56DB8000C7BC9 /* miniproject2UITests */ = {
			isa = PBXNativeTarget;
			buildConfigurationList = BD70411828A56DB8000C7BC9 /* Build configuration list for PBXNativeTarget "miniproject2UITests" */;
			buildPhases = (
				BD70410428A56DB8000C7BC9 /* Sources */,
				BD70410528A56DB8000C7BC9 /* Frameworks */,
				BD70410628A56DB8000C7BC9 /* Resources */,
			);
			buildRules = (
			);
			dependencies = (
				BD70410A28A56DB8000C7BC9 /* PBXTargetDependency */,
			);
			name = miniproject2UITests;
			productName = miniproject2UITests;
			productReference = BD70410828A56DB8000C7BC9 /* miniproject2UITests.xctest */;
			productType = "com.apple.product-type.bundle.ui-testing";
		};
/* End PBXNativeTarget section */

/* Begin PBXProject section */
		BD7040DD28A56DB7000C7BC9 /* Project object */ = {
			isa = PBXProject;
			attributes = {
				BuildIndependentTargetsInParallel = 1;
				LastSwiftUpdateCheck = 1340;
				LastUpgradeCheck = 1340;
				TargetAttributes = {
					BD7040E428A56DB7000C7BC9 = {
						CreatedOnToolsVersion = 13.4.1;
					};
					BD7040FD28A56DB8000C7BC9 = {
						CreatedOnToolsVersion = 13.4.1;
						TestTargetID = BD7040E428A56DB7000C7BC9;
					};
					BD70410728A56DB8000C7BC9 = {
						CreatedOnToolsVersion = 13.4.1;
						TestTargetID = BD7040E428A56DB7000C7BC9;
					};
				};
			};
			buildConfigurationList = BD7040E028A56DB7000C7BC9 /* Build configuration list for PBXProject "miniproject2" */;
			compatibilityVersion = "Xcode 13.0";
			developmentRegion = en;
			hasScannedForEncodings = 0;
			knownRegions = (
				en,
				Base,
			);
			mainGroup = BD7040DC28A56DB7000C7BC9;
			productRefGroup = BD7040E628A56DB7000C7BC9 /* Products */;
			projectDirPath = "";
			projectRoot = "";
			targets = (
				BD7040E428A56DB7000C7BC9 /* miniproject2 */,
				BD7040FD28A56DB8000C7BC9 /* miniproject2Tests */,
				BD70410728A56DB8000C7BC9 /* miniproject2UITests */,
			);
		};
/* End PBXProject section */

/* Begin PBXResourcesBuildPhase section */
		BD7040E328A56DB7000C7BC9 /* Resources */ = {
			isa = PBXResourcesBuildPhase;
			buildActionMask = 2147483647;
			files = (
				BD7040F828A56DB8000C7BC9 /* LaunchScreen.storyboard in Resources */,
				BD7040F528A56DB8000C7BC9 /* Assets.xcassets in Resources */,
				BD7040F028A56DB7000C7BC9 /* Main.storyboard in Resources */,
			);
			runOnlyForDeploymentPostprocessing = 0;
		};
		BD7040FC28A56DB8000C7BC9 /* Resources */ = {
			isa = PBXResourcesBuildPhase;
			buildActionMask = 2147483647;
			files = (
			);
			runOnlyForDeploymentPostprocessing = 0;
		};
		BD70410628A56DB8000C7BC9 /* Resources */ = {
			isa = PBXResourcesBuildPhase;
			buildActionMask = 2147483647;
			files = (
			);
			runOnlyForDeploymentPostprocessing = 0;
		};
/* End PBXResourcesBuildPhase section */

/* Begin PBXSourcesBuildPhase section */
		BD7040E128A56DB7000C7BC9 /* Sources */ = {
			isa = PBXSourcesBuildPhase;
			buildActionMask = 2147483647;
			files = (
				BD70411C28A570C0000C7BC9 /* ViewController2.swift in Sources */,
				BD70412028A57233000C7BC9 /* ViewController4.swift in Sources */,
				BD7040ED28A56DB7000C7BC9 /* ViewController.swift in Sources */,
				BD70411E28A571F8000C7BC9 /* ViewController3.swift in Sources */,
				BD70412228A573CB000C7BC9 /* ViewController5.swift in Sources */,
				BD7040E928A56DB7000C7BC9 /* AppDelegate.swift in Sources */,
				BD70412428A57451000C7BC9 /* ViewController6.swift in Sources */,
				BD7040EB28A56DB7000C7BC9 /* SceneDelegate.swift in Sources */,
				BD70412A28A57922000C7BC9 /* ViewController9.swift in Sources */,
				BD70412628A578EE000C7BC9 /* ViewController7.swift in Sources */,
				BD70412828A578FE000C7BC9 /* ViewController8.swift in Sources */,
				BD7040F328A56DB7000C7BC9 /* miniproject2.xcdatamodeld in Sources */,
			);
			runOnlyForDeploymentPostprocessing = 0;
		};
		BD7040FA28A56DB8000C7BC9 /* Sources */ = {
			isa = PBXSourcesBuildPhase;
			buildActionMask = 2147483647;
			files = (
				BD70410328A56DB8000C7BC9 /* miniproject2Tests.swift in Sources */,
			);
			runOnlyForDeploymentPostprocessing = 0;
		};
		BD70410428A56DB8000C7BC9 /* Sources */ = {
			isa = PBXSourcesBuildPhase;
			buildActionMask = 2147483647;
			files = (
				BD70410F28A56DB8000C7BC9 /* miniproject2UITestsLaunchTests.swift in Sources */,
				BD70410D28A56DB8000C7BC9 /* miniproject2UITests.swift in Sources */,
			);
			runOnlyForDeploymentPostprocessing = 0;
		};
/* End PBXSourcesBuildPhase section */

/* Begin PBXTargetDependency section */
		BD70410028A56DB8000C7BC9 /* PBXTargetDependency */ = {
			isa = PBXTargetDependency;
			target = BD7040E428A56DB7000C7BC9 /* miniproject2 */;
			targetProxy = BD7040FF28A56DB8000C7BC9 /* PBXContainerItemProxy */;
		};
		BD70410A28A56DB8000C7BC9 /* PBXTargetDependency */ = {
			isa = PBXTargetDependency;
			target = BD7040E428A56DB7000C7BC9 /* miniproject2 */;
			targetProxy = BD70410928A56DB8000C7BC9 /* PBXContainerItemProxy */;
		};
/* End PBXTargetDependency section */

/* Begin PBXVariantGroup section */
		BD7040EE28A56DB7000C7BC9 /* Main.storyboard */ = {
			isa = PBXVariantGroup;
			children = (
				BD7040EF28A56DB7000C7BC9 /* Base */,
			);
			name = Main.storyboard;
			sourceTree = "<group>";
		};
		BD7040F628A56DB8000C7BC9 /* LaunchScreen.storyboard */ = {
			isa = PBXVariantGroup;
			children = (
				BD7040F728A56DB8000C7BC9 /* Base */,
			);
			name = LaunchScreen.storyboard;
			sourceTree = "<group>";
		};
/* End PBXVariantGroup section */

/* Begin XCBuildConfiguration section */
		BD70411028A56DB8000C7BC9 /* Debug */ = {
			isa = XCBuildConfiguration;
			buildSettings = {
				ALWAYS_SEARCH_USER_PATHS = NO;
				CLANG_ANALYZER_NONNULL = YES;
				CLANG_ANALYZER_NUMBER_OBJECT_CONVERSION = YES_AGGRESSIVE;
				CLANG_CXX_LANGUAGE_STANDARD = "gnu++17";
				CLANG_ENABLE_MODULES = YES;
				CLANG_ENABLE_OBJC_ARC = YES;
				CLANG_ENABLE_OBJC_WEAK = YES;
				CLANG_WARN_BLOCK_CAPTURE_AUTORELEASING = YES;
				CLANG_WARN_BOOL_CONVERSION = YES;
				CLANG_WARN_COMMA = YES;
				CLANG_WARN_CONSTANT_CONVERSION = YES;
				CLANG_WARN_DEPRECATED_OBJC_IMPLEMENTATIONS = YES;
				CLANG_WARN_DIRECT_OBJC_ISA_USAGE = YES_ERROR;
				CLANG_WARN_DOCUMENTATION_COMMENTS = YES;
				CLANG_WARN_EMPTY_BODY = YES;
				CLANG_WARN_ENUM_CONVERSION = YES;
				CLANG_WARN_INFINITE_RECURSION = YES;
				CLANG_WARN_INT_CONVERSION = YES;
				CLANG_WARN_NON_LITERAL_NULL_CONVERSION = YES;
				CLANG_WARN_OBJC_IMPLICIT_RETAIN_SELF = YES;
				CLANG_WARN_OBJC_LITERAL_CONVERSION = YES;
				CLANG_WARN_OBJC_ROOT_CLASS = YES_ERROR;
				CLANG_WARN_QUOTED_INCLUDE_IN_FRAMEWORK_HEADER = YES;
				CLANG_WARN_RANGE_LOOP_ANALYSIS = YES;
				CLANG_WARN_STRICT_PROTOTYPES = YES;
				CLANG_WARN_SUSPICIOUS_MOVE = YES;
				CLANG_WARN_UNGUARDED_AVAILABILITY = YES_AGGRESSIVE;
				CLANG_WARN_UNREACHABLE_CODE = YES;
				CLANG_WARN__DUPLICATE_METHOD_MATCH = YES;
				COPY_PHASE_STRIP = NO;
				DEBUG_INFORMATION_FORMAT = dwarf;
				ENABLE_STRICT_OBJC_MSGSEND = YES;
				ENABLE_TESTABILITY = YES;
				GCC_C_LANGUAGE_STANDARD = gnu11;
				GCC_DYNAMIC_NO_PIC = NO;
				GCC_NO_COMMON_BLOCKS = YES;
				GCC_OPTIMIZATION_LEVEL = 0;
				GCC_PREPROCESSOR_DEFINITIONS = (
					"DEBUG=1",
					"$(inherited)",
				);
				GCC_WARN_64_TO_32_BIT_CONVERSION = YES;
				GCC_WARN_ABOUT_RETURN_TYPE = YES_ERROR;
				GCC_WARN_UNDECLARED_SELECTOR = YES;
				GCC_WARN_UNINITIALIZED_AUTOS = YES_AGGRESSIVE;
				GCC_WARN_UNUSED_FUNCTION = YES;
				GCC_WARN_UNUSED_VARIABLE = YES;
				IPHONEOS_DEPLOYMENT_TARGET = 15.5;
				MTL_ENABLE_DEBUG_INFO = INCLUDE_SOURCE;
				MTL_FAST_MATH = YES;
				ONLY_ACTIVE_ARCH = YES;
				SDKROOT = iphoneos;
				SWIFT_ACTIVE_COMPILATION_CONDITIONS = DEBUG;
				SWIFT_OPTIMIZATION_LEVEL = "-Onone";
			};
			name = Debug;
		};
		BD70411128A56DB8000C7BC9 /* Release */ = {
			isa = XCBuildConfiguration;
			buildSettings = {
				ALWAYS_SEARCH_USER_PATHS = NO;
				CLANG_ANALYZER_NONNULL = YES;
				CLANG_ANALYZER_NUMBER_OBJECT_CONVERSION = YES_AGGRESSIVE;
				CLANG_CXX_LANGUAGE_STANDARD = "gnu++17";
				CLANG_ENABLE_MODULES = YES;
				CLANG_ENABLE_OBJC_ARC = YES;
				CLANG_ENABLE_OBJC_WEAK = YES;
				CLANG_WARN_BLOCK_CAPTURE_AUTORELEASING = YES;
				CLANG_WARN_BOOL_CONVERSION = YES;
				CLANG_WARN_COMMA = YES;
				CLANG_WARN_CONSTANT_CONVERSION = YES;
				CLANG_WARN_DEPRECATED_OBJC_IMPLEMENTATIONS = YES;
				CLANG_WARN_DIRECT_OBJC_ISA_USAGE = YES_ERROR;
				CLANG_WARN_DOCUMENTATION_COMMENTS = YES;
				CLANG_WARN_EMPTY_BODY = YES;
				CLANG_WARN_ENUM_CONVERSION = YES;
				CLANG_WARN_INFINITE_RECURSION = YES;
				CLANG_WARN_INT_CONVERSION = YES;
				CLANG_WARN_NON_LITERAL_NULL_CONVERSION = YES;
				CLANG_WARN_OBJC_IMPLICIT_RETAIN_SELF = YES;
				CLANG_WARN_OBJC_LITERAL_CONVERSION = YES;
				CLANG_WARN_OBJC_ROOT_CLASS = YES_ERROR;
				CLANG_WARN_QUOTED_INCLUDE_IN_FRAMEWORK_HEADER = YES;
				CLANG_WARN_RANGE_LOOP_ANALYSIS = YES;
				CLANG_WARN_STRICT_PROTOTYPES = YES;
				CLANG_WARN_SUSPICIOUS_MOVE = YES;
				CLANG_WARN_UNGUARDED_AVAILABILITY = YES_AGGRESSIVE;
				CLANG_WARN_UNREACHABLE_CODE = YES;
				CLANG_WARN__DUPLICATE_METHOD_MATCH = YES;
				COPY_PHASE_STRIP = NO;
				DEBUG_INFORMATION_FORMAT = "dwarf-with-dsym";
				ENABLE_NS_ASSERTIONS = NO;
				ENABLE_STRICT_OBJC_MSGSEND = YES;
				GCC_C_LANGUAGE_STANDARD = gnu11;
				GCC_NO_COMMON_BLOCKS = YES;
				GCC_WARN_64_TO_32_BIT_CONVERSION = YES;
				GCC_WARN_ABOUT_RETURN_TYPE = YES_ERROR;
				GCC_WARN_UNDECLARED_SELECTOR = YES;
				GCC_WARN_UNINITIALIZED_AUTOS = YES_AGGRESSIVE;
				GCC_WARN_UNUSED_FUNCTION = YES;
				GCC_WARN_UNUSED_VARIABLE = YES;
				IPHONEOS_DEPLOYMENT_TARGET = 15.5;
				MTL_ENABLE_DEBUG_INFO = NO;
				MTL_FAST_MATH = YES;
				SDKROOT = iphoneos;
				SWIFT_COMPILATION_MODE = wholemodule;
				SWIFT_OPTIMIZATION_LEVEL = "-O";
				VALIDATE_PRODUCT = YES;
			};
			name = Release;
		};
		BD70411328A56DB8000C7BC9 /* Debug */ = {
			isa = XCBuildConfiguration;
			buildSettings = {
				ASSETCATALOG_COMPILER_APPICON_NAME = AppIcon;
				ASSETCATALOG_COMPILER_GLOBAL_ACCENT_COLOR_NAME = AccentColor;
				CODE_SIGN_STYLE = Automatic;
				CURRENT_PROJECT_VERSION = 1;
				GENERATE_INFOPLIST_FILE = YES;
				INFOPLIST_FILE = miniproject2/Info.plist;
				INFOPLIST_KEY_UIApplicationSupportsIndirectInputEvents = YES;
				INFOPLIST_KEY_UILaunchStoryboardName = LaunchScreen;
				INFOPLIST_KEY_UIMainStoryboardFile = Main;
				INFOPLIST_KEY_UISupportedInterfaceOrientations_iPad = "UIInterfaceOrientationPortrait UIInterfaceOrientationPortraitUpsideDown UIInterfaceOrientationLandscapeLeft UIInterfaceOrientationLandscapeRight";
				INFOPLIST_KEY_UISupportedInterfaceOrientations_iPhone = "UIInterfaceOrientationPortrait UIInterfaceOrientationLandscapeLeft UIInterfaceOrientationLandscapeRight";
				LD_RUNPATH_SEARCH_PATHS = (
					"$(inherited)",
					"@executable_path/Frameworks",
				);
				MARKETING_VERSION = 1.0;
				PRODUCT_BUNDLE_IDENTIFIER = kwk.miniproject2;
				PRODUCT_NAME = "$(TARGET_NAME)";
				SWIFT_EMIT_LOC_STRINGS = YES;
				SWIFT_VERSION = 5.0;
				TARGETED_DEVICE_FAMILY = "1,2";
			};
			name = Debug;
		};
		BD70411428A56DB8000C7BC9 /* Release */ = {
			isa = XCBuildConfiguration;
			buildSettings = {
				ASSETCATALOG_COMPILER_APPICON_NAME = AppIcon;
				ASSETCATALOG_COMPILER_GLOBAL_ACCENT_COLOR_NAME = AccentColor;
				CODE_SIGN_STYLE = Automatic;
				CURRENT_PROJECT_VERSION = 1;
				GENERATE_INFOPLIST_FILE = YES;
				INFOPLIST_FILE = miniproject2/Info.plist;
				INFOPLIST_KEY_UIApplicationSupportsIndirectInputEvents = YES;
				INFOPLIST_KEY_UILaunchStoryboardName = LaunchScreen;
				INFOPLIST_KEY_UIMainStoryboardFile = Main;
				INFOPLIST_KEY_UISupportedInterfaceOrientations_iPad = "UIInterfaceOrientationPortrait UIInterfaceOrientationPortraitUpsideDown UIInterfaceOrientationLandscapeLeft UIInterfaceOrientationLandscapeRight";
				INFOPLIST_KEY_UISupportedInterfaceOrientations_iPhone = "UIInterfaceOrientationPortrait UIInterfaceOrientationLandscapeLeft UIInterfaceOrientationLandscapeRight";
				LD_RUNPATH_SEARCH_PATHS = (
					"$(inherited)",
					"@executable_path/Frameworks",
				);
				MARKETING_VERSION = 1.0;
				PRODUCT_BUNDLE_IDENTIFIER = kwk.miniproject2;
				PRODUCT_NAME = "$(TARGET_NAME)";
				SWIFT_EMIT_LOC_STRINGS = YES;
				SWIFT_VERSION = 5.0;
				TARGETED_DEVICE_FAMILY = "1,2";
			};
			name = Release;
		};
		BD70411628A56DB8000C7BC9 /* Debug */ = {
			isa = XCBuildConfiguration;
			buildSettings = {
				ALWAYS_EMBED_SWIFT_STANDARD_LIBRARIES = YES;
				BUNDLE_LOADER = "$(TEST_HOST)";
				CODE_SIGN_STYLE = Automatic;
				CURRENT_PROJECT_VERSION = 1;
				GENERATE_INFOPLIST_FILE = YES;
				IPHONEOS_DEPLOYMENT_TARGET = 15.5;
				MARKETING_VERSION = 1.0;
				PRODUCT_BUNDLE_IDENTIFIER = kwk.miniproject2Tests;
				PRODUCT_NAME = "$(TARGET_NAME)";
				SWIFT_EMIT_LOC_STRINGS = NO;
				SWIFT_VERSION = 5.0;
				TARGETED_DEVICE_FAMILY = "1,2";
				TEST_HOST = "$(BUILT_PRODUCTS_DIR)/miniproject2.app/miniproject2";
			};
			name = Debug;
		};
		BD70411728A56DB8000C7BC9 /* Release */ = {
			isa = XCBuildConfiguration;
			buildSettings = {
				ALWAYS_EMBED_SWIFT_STANDARD_LIBRARIES = YES;
				BUNDLE_LOADER = "$(TEST_HOST)";
				CODE_SIGN_STYLE = Automatic;
				CURRENT_PROJECT_VERSION = 1;
				GENERATE_INFOPLIST_FILE = YES;
				IPHONEOS_DEPLOYMENT_TARGET = 15.5;
				MARKETING_VERSION = 1.0;
				PRODUCT_BUNDLE_IDENTIFIER = kwk.miniproject2Tests;
				PRODUCT_NAME = "$(TARGET_NAME)";
				SWIFT_EMIT_LOC_STRINGS = NO;
				SWIFT_VERSION = 5.0;
				TARGETED_DEVICE_FAMILY = "1,2";
				TEST_HOST = "$(BUILT_PRODUCTS_DIR)/miniproject2.app/miniproject2";
			};
			name = Release;
		};
		BD70411928A56DB8000C7BC9 /* Debug */ = {
			isa = XCBuildConfiguration;
			buildSettings = {
				ALWAYS_EMBED_SWIFT_STANDARD_LIBRARIES = YES;
				CODE_SIGN_STYLE = Automatic;
				CURRENT_PROJECT_VERSION = 1;
				GENERATE_INFOPLIST_FILE = YES;
				MARKETING_VERSION = 1.0;
				PRODUCT_BUNDLE_IDENTIFIER = kwk.miniproject2UITests;
				PRODUCT_NAME = "$(TARGET_NAME)";
				SWIFT_EMIT_LOC_STRINGS = NO;
				SWIFT_VERSION = 5.0;
				TARGETED_DEVICE_FAMILY = "1,2";
				TEST_TARGET_NAME = miniproject2;
			};
			name = Debug;
		};
		BD70411A28A56DB8000C7BC9 /* Release */ = {
			isa = XCBuildConfiguration;
			buildSettings = {
				ALWAYS_EMBED_SWIFT_STANDARD_LIBRARIES = YES;
				CODE_SIGN_STYLE = Automatic;
				CURRENT_PROJECT_VERSION = 1;
				GENERATE_INFOPLIST_FILE = YES;
				MARKETING_VERSION = 1.0;
				PRODUCT_BUNDLE_IDENTIFIER = kwk.miniproject2UITests;
				PRODUCT_NAME = "$(TARGET_NAME)";
				SWIFT_EMIT_LOC_STRINGS = NO;
				SWIFT_VERSION = 5.0;
				TARGETED_DEVICE_FAMILY = "1,2";
				TEST_TARGET_NAME = miniproject2;
			};
			name = Release;
		};
/* End XCBuildConfiguration section */

/* Begin XCConfigurationList section */
		BD7040E028A56DB7000C7BC9 /* Build configuration list for PBXProject "miniproject2" */ = {
			isa = XCConfigurationList;
			buildConfigurations = (
				BD70411028A56DB8000C7BC9 /* Debug */,
				BD70411128A56DB8000C7BC9 /* Release */,
			);
			defaultConfigurationIsVisible = 0;
			defaultConfigurationName = Release;
		};
		BD70411228A56DB8000C7BC9 /* Build configuration list for PBXNativeTarget "miniproject2" */ = {
			isa = XCConfigurationList;
			buildConfigurations = (
				BD70411328A56DB8000C7BC9 /* Debug */,
				BD70411428A56DB8000C7BC9 /* Release */,
			);
			defaultConfigurationIsVisible = 0;
			defaultConfigurationName = Release;
		};
		BD70411528A56DB8000C7BC9 /* Build configuration list for PBXNativeTarget "miniproject2Tests" */ = {
			isa = XCConfigurationList;
			buildConfigurations = (
				BD70411628A56DB8000C7BC9 /* Debug */,
				BD70411728A56DB8000C7BC9 /* Release */,
			);
			defaultConfigurationIsVisible = 0;
			defaultConfigurationName = Release;
		};
		BD70411828A56DB8000C7BC9 /* Build configuration list for PBXNativeTarget "miniproject2UITests" */ = {
			isa = XCConfigurationList;
			buildConfigurations = (
				BD70411928A56DB8000C7BC9 /* Debug */,
				BD70411A28A56DB8000C7BC9 /* Release */,
			);
			defaultConfigurationIsVisible = 0;
			defaultConfigurationName = Release;
		};
/* End XCConfigurationList section */

/* Begin XCVersionGroup section */
		BD7040F128A56DB7000C7BC9 /* miniproject2.xcdatamodeld */ = {
			isa = XCVersionGroup;
			children = (
				BD7040F228A56DB7000C7BC9 /* miniproject2.xcdatamodel */,
			);
			currentVersion = BD7040F228A56DB7000C7BC9 /* miniproject2.xcdatamodel */;
			path = miniproject2.xcdatamodeld;
			sourceTree = "<group>";
			versionGroupType = wrapper.xcdatamodel;
		};
/* End XCVersionGroup section */
	};
	rootObject = BD7040DD28A56DB7000C7BC9 /* Project object */;
}
